
Microsoft Visual Studio Solution File, Format Version 12.00
# Visual Studio 15
VisualStudioVersion = 15.0.28307.168
MinimumVisualStudioVersion = 10.0.40219.1
Project("{FAE04EC0-301F-11D3-BF4B-00C04F79EFBC}") = "EntityFrameworkMultiDeveloper", "EntityFrameworkMultiDeveloper\EntityFrameworkMultiDeveloper.csproj", "{4F78A0F3-CB68-40A5-9249-F141AA19C61E}"
EndProject
Global
	GlobalSection(SolutionConfigurationPlatforms) = preSolution
		Debug|Any CPU = Debug|Any CPU
		Release|Any CPU = Release|Any CPU
	EndGlobalSection
	GlobalSection(ProjectConfigurationPlatforms) = postSolution
		{4F78A0F3-CB68-40A5-9249-F141AA19C61E}.Debug|Any CPU.ActiveCfg = Debug|Any CPU
		{4F78A0F3-CB68-40A5-9249-F141AA19C61E}.Debug|Any CPU.Build.0 = Debug|Any CPU
		{4F78A0F3-CB68-40A5-9249-F141AA19C61E}.Release|Any CPU.ActiveCfg = Release|Any CPU
		{4F78A0F3-CB68-40A5-9249-F141AA19C61E}.Release|Any CPU.Build.0 = Release|Any CPU
	EndGlobalSection
	GlobalSection(SolutionProperties) = preSolution
		HideSolutionNode = FALSE
	EndGlobalSection
	GlobalSection(ExtensibilityGlobals) = postSolution
		SolutionGuid = {A559270B-36B6-4492-A518-2FE0F68B7346}
	EndGlobalSection
EndGlobal
